
Microsoft Visual Studio Solution File, Format Version 12.00
# Visual Studio Version 17
VisualStudioVersion = 17.5.33516.290
MinimumVisualStudioVersion = 10.0.40219.1
Project("{FAE04EC0-301F-11D3-BF4B-00C04F79EFBC}") = "NewPaint", "NewPaint\NewPaint.csproj", "{6BF3C2EF-100E-4836-941A-3F4EAD2F03CF}"
EndProject
Global
	GlobalSection(SolutionConfigurationPlatforms) = preSolution
		Debug|Any CPU = Debug|Any CPU
		Release|Any CPU = Release|Any CPU
	EndGlobalSection
	GlobalSection(ProjectConfigurationPlatforms) = postSolution
		{6BF3C2EF-100E-4836-941A-3F4EAD2F03CF}.Debug|Any CPU.ActiveCfg = Debug|Any CPU
		{6BF3C2EF-100E-4836-941A-3F4EAD2F03CF}.Debug|Any CPU.Build.0 = Debug|Any CPU
		{6BF3C2EF-100E-4836-941A-3F4EAD2F03CF}.Release|Any CPU.ActiveCfg = Release|Any CPU
		{6BF3C2EF-100E-4836-941A-3F4EAD2F03CF}.Release|Any CPU.Build.0 = Release|Any CPU
	EndGlobalSection
	GlobalSection(SolutionProperties) = preSolution
		HideSolutionNode = FALSE
	EndGlobalSection
	GlobalSection(ExtensibilityGlobals) = postSolution
		SolutionGuid = {0B234EB2-5114-48F6-A566-F317FAAF3DD4}
	EndGlobalSection
EndGlobal
